// !$*UTF8*$!
{
	archiveVersion = 1;
	classes = {
	};
	objectVersion = 46;
	objects = {

/* Begin PBXBuildFile section */
		21FB90551B0F79180020251B /* AppDelegate.swift in Sources */ = {isa = PBXBuildFile; fileRef = 21FB90541B0F79180020251B /* AppDelegate.swift */; };
		21FB90581B0F79180020251B /* VirtualTourist.xcdatamodeld in Sources */ = {isa = PBXBuildFile; fileRef = 21FB90561B0F79180020251B /* VirtualTourist.xcdatamodeld */; };
		21FB905A1B0F79180020251B /* MapViewController.swift in Sources */ = {isa = PBXBuildFile; fileRef = 21FB90591B0F79180020251B /* MapViewController.swift */; };
		21FB905D1B0F79180020251B /* Main.storyboard in Resources */ = {isa = PBXBuildFile; fileRef = 21FB905B1B0F79180020251B /* Main.storyboard */; };
		21FB905F1B0F79180020251B /* Images.xcassets in Resources */ = {isa = PBXBuildFile; fileRef = 21FB905E1B0F79180020251B /* Images.xcassets */; };
		21FB90621B0F79180020251B /* LaunchScreen.xib in Resources */ = {isa = PBXBuildFile; fileRef = 21FB90601B0F79180020251B /* LaunchScreen.xib */; };
		21FB906E1B0F79180020251B /* VirtualTouristTests.swift in Sources */ = {isa = PBXBuildFile; fileRef = 21FB906D1B0F79180020251B /* VirtualTouristTests.swift */; };
		21FB90781B0F7CAE0020251B /* MapKit.framework in Frameworks */ = {isa = PBXBuildFile; fileRef = 21FB90771B0F7CAE0020251B /* MapKit.framework */; };
		21FB907A1B1112E30020251B /* AlbumViewController.swift in Sources */ = {isa = PBXBuildFile; fileRef = 21FB90791B1112E30020251B /* AlbumViewController.swift */; };
/* End PBXBuildFile section */

/* Begin PBXContainerItemProxy section */
		21FB90681B0F79180020251B /* PBXContainerItemProxy */ = {
			isa = PBXContainerItemProxy;
			containerPortal = 21FB90471B0F79180020251B /* Project object */;
			proxyType = 1;
			remoteGlobalIDString = 21FB904E1B0F79180020251B;
			remoteInfo = VirtualTourist;
		};
/* End PBXContainerItemProxy section */

/* Begin PBXFileReference section */
		21FB904F1B0F79180020251B /* VirtualTourist.app */ = {isa = PBXFileReference; explicitFileType = wrapper.application; includeInIndex = 0; path = VirtualTourist.app; sourceTree = BUILT_PRODUCTS_DIR; };
		21FB90531B0F79180020251B /* Info.plist */ = {isa = PBXFileReference; lastKnownFileType = text.plist.xml; path = Info.plist; sourceTree = "<group>"; };
		21FB90541B0F79180020251B /* AppDelegate.swift */ = {isa = PBXFileReference; lastKnownFileType = sourcecode.swift; path = AppDelegate.swift; sourceTree = "<group>"; };
		21FB90571B0F79180020251B /* VirtualTourist.xcdatamodel */ = {isa = PBXFileReference; lastKnownFileType = wrapper.xcdatamodel; path = VirtualTourist.xcdatamodel; sourceTree = "<group>"; };
		21FB90591B0F79180020251B /* MapViewController.swift */ = {isa = PBXFileReference; lastKnownFileType = sourcecode.swift; path = MapViewController.swift; sourceTree = "<group>"; };
		21FB905C1B0F79180020251B /* Base */ = {isa = PBXFileReference; lastKnownFileType = file.storyboard; name = Base; path = Base.lproj/Main.storyboard; sourceTree = "<group>"; };
		21FB905E1B0F79180020251B /* Images.xcassets */ = {isa = PBXFileReference; lastKnownFileType = folder.assetcatalog; path = Images.xcassets; sourceTree = "<group>"; };
		21FB90611B0F79180020251B /* Base */ = {isa = PBXFileReference; lastKnownFileType = file.xib; name = Base; path = Base.lproj/LaunchScreen.xib; sourceTree = "<group>"; };
		21FB90671B0F79180020251B /* VirtualTouristTests.xctest */ = {isa = PBXFileReference; explicitFileType = wrapper.cfbundle; includeInIndex = 0; path = VirtualTouristTests.xctest; sourceTree = BUILT_PRODUCTS_DIR; };
		21FB906C1B0F79180020251B /* Info.plist */ = {isa = PBXFileReference; lastKnownFileType = text.plist.xml; path = Info.plist; sourceTree = "<group>"; };
		21FB906D1B0F79180020251B /* VirtualTouristTests.swift */ = {isa = PBXFileReference; lastKnownFileType = sourcecode.swift; path = VirtualTouristTests.swift; sourceTree = "<group>"; };
		21FB90771B0F7CAE0020251B /* MapKit.framework */ = {isa = PBXFileReference; lastKnownFileType = wrapper.framework; name = MapKit.framework; path = System/Library/Frameworks/MapKit.framework; sourceTree = SDKROOT; };
		21FB90791B1112E30020251B /* AlbumViewController.swift */ = {isa = PBXFileReference; fileEncoding = 4; lastKnownFileType = sourcecode.swift; path = AlbumViewController.swift; sourceTree = "<group>"; };
/* End PBXFileReference section */

/* Begin PBXFrameworksBuildPhase section */
		21FB904C1B0F79180020251B /* Frameworks */ = {
			isa = PBXFrameworksBuildPhase;
			buildActionMask = 2147483647;
			files = (
				21FB90781B0F7CAE0020251B /* MapKit.framework in Frameworks */,
			);
			runOnlyForDeploymentPostprocessing = 0;
		};
		21FB90641B0F79180020251B /* Frameworks */ = {
			isa = PBXFrameworksBuildPhase;
			buildActionMask = 2147483647;
			files = (
			);
			runOnlyForDeploymentPostprocessing = 0;
		};
/* End PBXFrameworksBuildPhase section */

/* Begin PBXGroup section */
		21FB90461B0F79180020251B = {
			isa = PBXGroup;
			children = (
				21FB90771B0F7CAE0020251B /* MapKit.framework */,
				21FB90511B0F79180020251B /* VirtualTourist */,
				21FB906A1B0F79180020251B /* VirtualTouristTests */,
				21FB90501B0F79180020251B /* Products */,
			);
			sourceTree = "<group>";
		};
		21FB90501B0F79180020251B /* Products */ = {
			isa = PBXGroup;
			children = (
				21FB904F1B0F79180020251B /* VirtualTourist.app */,
				21FB90671B0F79180020251B /* VirtualTouristTests.xctest */,
			);
			name = Products;
			sourceTree = "<group>";
		};
		21FB90511B0F79180020251B /* VirtualTourist */ = {
			isa = PBXGroup;
			children = (
				21FB90541B0F79180020251B /* AppDelegate.swift */,
				21FB90591B0F79180020251B /* MapViewController.swift */,
				21FB90791B1112E30020251B /* AlbumViewController.swift */,
				21FB905B1B0F79180020251B /* Main.storyboard */,
				21FB905E1B0F79180020251B /* Images.xcassets */,
				21FB90601B0F79180020251B /* LaunchScreen.xib */,
				21FB90561B0F79180020251B /* VirtualTourist.xcdatamodeld */,
				21FB90521B0F79180020251B /* Supporting Files */,
			);
			path = VirtualTourist;
			sourceTree = "<group>";
		};
		21FB90521B0F79180020251B /* Supporting Files */ = {
			isa = PBXGroup;
			children = (
				21FB90531B0F79180020251B /* Info.plist */,
			);
			name = "Supporting Files";
			sourceTree = "<group>";
		};
		21FB906A1B0F79180020251B /* VirtualTouristTests */ = {
			isa = PBXGroup;
			children = (
				21FB906D1B0F79180020251B /* VirtualTouristTests.swift */,
				21FB906B1B0F79180020251B /* Supporting Files */,
			);
			path = VirtualTouristTests;
			sourceTree = "<group>";
		};
		21FB906B1B0F79180020251B /* Supporting Files */ = {
			isa = PBXGroup;
			children = (
				21FB906C1B0F79180020251B /* Info.plist */,
			);
			name = "Supporting Files";
			sourceTree = "<group>";
		};
/* End PBXGroup section */

/* Begin PBXNativeTarget section */
		21FB904E1B0F79180020251B /* VirtualTourist */ = {
			isa = PBXNativeTarget;
			buildConfigurationList = 21FB90711B0F79180020251B /* Build configuration list for PBXNativeTarget "VirtualTourist" */;
			buildPhases = (
				21FB904B1B0F79180020251B /* Sources */,
				21FB904C1B0F79180020251B /* Frameworks */,
				21FB904D1B0F79180020251B /* Resources */,
			);
			buildRules = (
			);
			dependencies = (
			);
			name = VirtualTourist;
			productName = VirtualTourist;
			productReference = 21FB904F1B0F79180020251B /* VirtualTourist.app */;
			productType = "com.apple.product-type.application";
		};
		21FB90661B0F79180020251B /* VirtualTouristTests */ = {
			isa = PBXNativeTarget;
			buildConfigurationList = 21FB90741B0F79180020251B /* Build configuration list for PBXNativeTarget "VirtualTouristTests" */;
			buildPhases = (
				21FB90631B0F79180020251B /* Sources */,
				21FB90641B0F79180020251B /* Frameworks */,
				21FB90651B0F79180020251B /* Resources */,
			);
			buildRules = (
			);
			dependencies = (
				21FB90691B0F79180020251B /* PBXTargetDependency */,
			);
			name = VirtualTouristTests;
			productName = VirtualTouristTests;
			productReference = 21FB90671B0F79180020251B /* VirtualTouristTests.xctest */;
			productType = "com.apple.product-type.bundle.unit-test";
		};
/* End PBXNativeTarget section */

/* Begin PBXProject section */
		21FB90471B0F79180020251B /* Project object */ = {
			isa = PBXProject;
			attributes = {
				LastUpgradeCheck = 0630;
				ORGANIZATIONNAME = "Edwin Rodriguez";
				TargetAttributes = {
					21FB904E1B0F79180020251B = {
						CreatedOnToolsVersion = 6.3.1;
						SystemCapabilities = {
							com.apple.Maps.iOS = {
								enabled = 1;
							};
						};
					};
					21FB90661B0F79180020251B = {
						CreatedOnToolsVersion = 6.3.1;
						TestTargetID = 21FB904E1B0F79180020251B;
					};
				};
			};
			buildConfigurationList = 21FB904A1B0F79180020251B /* Build configuration list for PBXProject "VirtualTourist" */;
			compatibilityVersion = "Xcode 3.2";
			developmentRegion = English;
			hasScannedForEncodings = 0;
			knownRegions = (
				en,
				Base,
			);
			mainGroup = 21FB90461B0F79180020251B;
			productRefGroup = 21FB90501B0F79180020251B /* Products */;
			projectDirPath = "";
			projectRoot = "";
			targets = (
				21FB904E1B0F79180020251B /* VirtualTourist */,
				21FB90661B0F79180020251B /* VirtualTouristTests */,
			);
		};
/* End PBXProject section */

/* Begin PBXResourcesBuildPhase section */
		21FB904D1B0F79180020251B /* Resources */ = {
			isa = PBXResourcesBuildPhase;
			buildActionMask = 2147483647;
			files = (
				21FB905D1B0F79180020251B /* Main.storyboard in Resources */,
				21FB90621B0F79180020251B /* LaunchScreen.xib in Resources */,
				21FB905F1B0F79180020251B /* Images.xcassets in Resources */,
			);
			runOnlyForDeploymentPostprocessing = 0;
		};
		21FB90651B0F79180020251B /* Resources */ = {
			isa = PBXResourcesBuildPhase;
			buildActionMask = 2147483647;
			files = (
			);
			runOnlyForDeploymentPostprocessing = 0;
		};
/* End PBXResourcesBuildPhase section */

/* Begin PBXSourcesBuildPhase section */
		21FB904B1B0F79180020251B /* Sources */ = {
			isa = PBXSourcesBuildPhase;
			buildActionMask = 2147483647;
			files = (
				21FB907A1B1112E30020251B /* AlbumViewController.swift in Sources */,
				21FB905A1B0F79180020251B /* MapViewController.swift in Sources */,
				21FB90581B0F79180020251B /* VirtualTourist.xcdatamodeld in Sources */,
				21FB90551B0F79180020251B /* AppDelegate.swift in Sources */,
			);
			runOnlyForDeploymentPostprocessing = 0;
		};
		21FB90631B0F79180020251B /* Sources */ = {
			isa = PBXSourcesBuildPhase;
			buildActionMask = 2147483647;
			files = (
				21FB906E1B0F79180020251B /* VirtualTouristTests.swift in Sources */,
			);
			runOnlyForDeploymentPostprocessing = 0;
		};
/* End PBXSourcesBuildPhase section */

/* Begin PBXTargetDependency section */
		21FB90691B0F79180020251B /* PBXTargetDependency */ = {
			isa = PBXTargetDependency;
			target = 21FB904E1B0F79180020251B /* VirtualTourist */;
			targetProxy = 21FB90681B0F79180020251B /* PBXContainerItemProxy */;
		};
/* End PBXTargetDependency section */

/* Begin PBXVariantGroup section */
		21FB905B1B0F79180020251B /* Main.storyboard */ = {
			isa = PBXVariantGroup;
			children = (
				21FB905C1B0F79180020251B /* Base */,
			);
			name = Main.storyboard;
			sourceTree = "<group>";
		};
		21FB90601B0F79180020251B /* LaunchScreen.xib */ = {
			isa = PBXVariantGroup;
			children = (
				21FB90611B0F79180020251B /* Base */,
			);
			name = LaunchScreen.xib;
			sourceTree = "<group>";
		};
/* End PBXVariantGroup section */

/* Begin XCBuildConfiguration section */
		21FB906F1B0F79180020251B /* Debug */ = {
			isa = XCBuildConfiguration;
			buildSettings = {
				ALWAYS_SEARCH_USER_PATHS = NO;
				CLANG_CXX_LANGUAGE_STANDARD = "gnu++0x";
				CLANG_CXX_LIBRARY = "libc++";
				CLANG_ENABLE_MODULES = YES;
				CLANG_ENABLE_OBJC_ARC = YES;
				CLANG_WARN_BOOL_CONVERSION = YES;
				CLANG_WARN_CONSTANT_CONVERSION = YES;
				CLANG_WARN_DIRECT_OBJC_ISA_USAGE = YES_ERROR;
				CLANG_WARN_EMPTY_BODY = YES;
				CLANG_WARN_ENUM_CONVERSION = YES;
				CLANG_WARN_INT_CONVERSION = YES;
				CLANG_WARN_OBJC_ROOT_CLASS = YES_ERROR;
				CLANG_WARN_UNREACHABLE_CODE = YES;
				CLANG_WARN__DUPLICATE_METHOD_MATCH = YES;
				"CODE_SIGN_IDENTITY[sdk=iphoneos*]" = "iPhone Developer";
				COPY_PHASE_STRIP = NO;
				DEBUG_INFORMATION_FORMAT = "dwarf-with-dsym";
				ENABLE_STRICT_OBJC_MSGSEND = YES;
				GCC_C_LANGUAGE_STANDARD = gnu99;
				GCC_DYNAMIC_NO_PIC = NO;
				GCC_NO_COMMON_BLOCKS = YES;
				GCC_OPTIMIZATION_LEVEL = 0;
				GCC_PREPROCESSOR_DEFINITIONS = (
					"DEBUG=1",
					"$(inherited)",
				);
				GCC_SYMBOLS_PRIVATE_EXTERN = NO;
				GCC_WARN_64_TO_32_BIT_CONVERSION = YES;
				GCC_WARN_ABOUT_RETURN_TYPE = YES_ERROR;
				GCC_WARN_UNDECLARED_SELECTOR = YES;
				GCC_WARN_UNINITIALIZED_AUTOS = YES_AGGRESSIVE;
				GCC_WARN_UNUSED_FUNCTION = YES;
				GCC_WARN_UNUSED_VARIABLE = YES;
				IPHONEOS_DEPLOYMENT_TARGET = 8.3;
				MTL_ENABLE_DEBUG_INFO = YES;
				ONLY_ACTIVE_ARCH = YES;
				SDKROOT = iphoneos;
				SWIFT_OPTIMIZATION_LEVEL = "-Onone";
			};
			name = Debug;
		};
		21FB90701B0F79180020251B /* Release */ = {
			isa = XCBuildConfiguration;
			buildSettings = {
				ALWAYS_SEARCH_USER_PATHS = NO;
				CLANG_CXX_LANGUAGE_STANDARD = "gnu++0x";
				CLANG_CXX_LIBRARY = "libc++";
				CLANG_ENABLE_MODULES = YES;
				CLANG_ENABLE_OBJC_ARC = YES;
				CLANG_WARN_BOOL_CONVERSION = YES;
				CLANG_WARN_CONSTANT_CONVERSION = YES;
				CLANG_WARN_DIRECT_OBJC_ISA_USAGE = YES_ERROR;
				CLANG_WARN_EMPTY_BODY = YES;
				CLANG_WARN_ENUM_CONVERSION = YES;
				CLANG_WARN_INT_CONVERSION = YES;
				CLANG_WARN_OBJC_ROOT_CLASS = YES_ERROR;
				CLANG_WARN_UNREACHABLE_CODE = YES;
				CLANG_WARN__DUPLICATE_METHOD_MATCH = YES;
				"CODE_SIGN_IDENTITY[sdk=iphoneos*]" = "iPhone Developer";
				COPY_PHASE_STRIP = NO;
				DEBUG_INFORMATION_FORMAT = "dwarf-with-dsym";
				ENABLE_NS_ASSERTIONS = NO;
				ENABLE_STRICT_OBJC_MSGSEND = YES;
				GCC_C_LANGUAGE_STANDARD = gnu99;
				GCC_NO_COMMON_BLOCKS = YES;
				GCC_WARN_64_TO_32_BIT_CONVERSION = YES;
				GCC_WARN_ABOUT_RETURN_TYPE = YES_ERROR;
				GCC_WARN_UNDECLARED_SELECTOR = YES;
				GCC_WARN_UNINITIALIZED_AUTOS = YES_AGGRESSIVE;
				GCC_WARN_UNUSED_FUNCTION = YES;
				GCC_WARN_UNUSED_VARIABLE = YES;
				IPHONEOS_DEPLOYMENT_TARGET = 8.3;
				MTL_ENABLE_DEBUG_INFO = NO;
				SDKROOT = iphoneos;
				VALIDATE_PRODUCT = YES;
			};
			name = Release;
		};
		21FB90721B0F79180020251B /* Debug */ = {
			isa = XCBuildConfiguration;
			buildSettings = {
				ASSETCATALOG_COMPILER_APPICON_NAME = AppIcon;
				INFOPLIST_FILE = VirtualTourist/Info.plist;
				LD_RUNPATH_SEARCH_PATHS = "$(inherited) @executable_path/Frameworks";
				PRODUCT_NAME = "$(TARGET_NAME)";
			};
			name = Debug;
		};
		21FB90731B0F79180020251B /* Release */ = {
			isa = XCBuildConfiguration;
			buildSettings = {
				ASSETCATALOG_COMPILER_APPICON_NAME = AppIcon;
				INFOPLIST_FILE = VirtualTourist/Info.plist;
				LD_RUNPATH_SEARCH_PATHS = "$(inherited) @executable_path/Frameworks";
				PRODUCT_NAME = "$(TARGET_NAME)";
			};
			name = Release;
		};
		21FB90751B0F79180020251B /* Debug */ = {
			isa = XCBuildConfiguration;
			buildSettings = {
				BUNDLE_LOADER = "$(TEST_HOST)";
				FRAMEWORK_SEARCH_PATHS = (
					"$(SDKROOT)/Developer/Library/Frameworks",
					"$(inherited)",
				);
				GCC_PREPROCESSOR_DEFINITIONS = (
					"DEBUG=1",
					"$(inherited)",
				);
				INFOPLIST_FILE = VirtualTouristTests/Info.plist;
				LD_RUNPATH_SEARCH_PATHS = "$(inherited) @executable_path/Frameworks @loader_path/Frameworks";
				PRODUCT_NAME = "$(TARGET_NAME)";
				TEST_HOST = "$(BUILT_PRODUCTS_DIR)/VirtualTourist.app/VirtualTourist";
			};
			name = Debug;
		};
		21FB90761B0F79180020251B /* Release */ = {
			isa = XCBuildConfiguration;
			buildSettings = {
				BUNDLE_LOADER = "$(TEST_HOST)";
				FRAMEWORK_SEARCH_PATHS = (
					"$(SDKROOT)/Developer/Library/Frameworks",
					"$(inherited)",
				);
				INFOPLIST_FILE = VirtualTouristTests/Info.plist;
				LD_RUNPATH_SEARCH_PATHS = "$(inherited) @executable_path/Frameworks @loader_path/Frameworks";
				PRODUCT_NAME = "$(TARGET_NAME)";
				TEST_HOST = "$(BUILT_PRODUCTS_DIR)/VirtualTourist.app/VirtualTourist";
			};
			name = Release;
		};
/* End XCBuildConfiguration section */

/* Begin XCConfigurationList section */
		21FB904A1B0F79180020251B /* Build configuration list for PBXProject "VirtualTourist" */ = {
			isa = XCConfigurationList;
			buildConfigurations = (
				21FB906F1B0F79180020251B /* Debug */,
				21FB90701B0F79180020251B /* Release */,
			);
			defaultConfigurationIsVisible = 0;
			defaultConfigurationName = Release;
		};
		21FB90711B0F79180020251B /* Build configuration list for PBXNativeTarget "VirtualTourist" */ = {
			isa = XCConfigurationList;
			buildConfigurations = (
				21FB90721B0F79180020251B /* Debug */,
				21FB90731B0F79180020251B /* Release */,
			);
			defaultConfigurationIsVisible = 0;
			defaultConfigurationName = Release;
		};
		21FB90741B0F79180020251B /* Build configuration list for PBXNativeTarget "VirtualTouristTests" */ = {
			isa = XCConfigurationList;
			buildConfigurations = (
				21FB90751B0F79180020251B /* Debug */,
				21FB90761B0F79180020251B /* Release */,
			);
			defaultConfigurationIsVisible = 0;
			defaultConfigurationName = Release;
		};
/* End XCConfigurationList section */

/* Begin XCVersionGroup section */
		21FB90561B0F79180020251B /* VirtualTourist.xcdatamodeld */ = {
			isa = XCVersionGroup;
			children = (
				21FB90571B0F79180020251B /* VirtualTourist.xcdatamodel */,
			);
			currentVersion = 21FB90571B0F79180020251B /* VirtualTourist.xcdatamodel */;
			path = VirtualTourist.xcdatamodeld;
			sourceTree = "<group>";
			versionGroupType = wrapper.xcdatamodel;
		};
/* End XCVersionGroup section */
	};
	rootObject = 21FB90471B0F79180020251B /* Project object */;
}
